
Microsoft Visual Studio Solution File, Format Version 12.00
# Visual Studio Version 17
VisualStudioVersion = 17.1.32210.238
MinimumVisualStudioVersion = 10.0.40219.1
Project("{FAE04EC0-301F-11D3-BF4B-00C04F79EFBC}") = "FinanceEngineers", "FinanceEngineers\FinanceEngineers.csproj", "{5F1A9811-3A43-4079-BE2F-C43C840B08EA}"
EndProject
Global
	GlobalSection(SolutionConfigurationPlatforms) = preSolution
		Debug|Any CPU = Debug|Any CPU
		Release|Any CPU = Release|Any CPU
	EndGlobalSection
	GlobalSection(ProjectConfigurationPlatforms) = postSolution
		{5F1A9811-3A43-4079-BE2F-C43C840B08EA}.Debug|Any CPU.ActiveCfg = Debug|Any CPU
		{5F1A9811-3A43-4079-BE2F-C43C840B08EA}.Debug|Any CPU.Build.0 = Debug|Any CPU
		{5F1A9811-3A43-4079-BE2F-C43C840B08EA}.Release|Any CPU.ActiveCfg = Release|Any CPU
		{5F1A9811-3A43-4079-BE2F-C43C840B08EA}.Release|Any CPU.Build.0 = Release|Any CPU
	EndGlobalSection
	GlobalSection(SolutionProperties) = preSolution
		HideSolutionNode = FALSE
	EndGlobalSection
	GlobalSection(ExtensibilityGlobals) = postSolution
		SolutionGuid = {791D2E4A-DB6F-461B-BA43-1647297A7E87}
	EndGlobalSection
EndGlobal
